// !$*UTF8*$!
{
	archiveVersion = 1;
	classes = {
	};
	objectVersion = 60;
	objects = {

/* Begin PBXBuildFile section */
		1800BEEB2CC9D29C0039001F /* UserSeatHistory.swift in Sources */ = {isa = PBXBuildFile; fileRef = 1800BEEA2CC9D29C0039001F /* UserSeatHistory.swift */; };
		1831F60B2CC82F550050FDE7 /* SeatMapBingoApp.swift in Sources */ = {isa = PBXBuildFile; fileRef = 1831F60A2CC82F550050FDE7 /* SeatMapBingoApp.swift */; };
		1831F60D2CC82F550050FDE7 /* SeatView.swift in Sources */ = {isa = PBXBuildFile; fileRef = 1831F60C2CC82F550050FDE7 /* SeatView.swift */; };
		1831F60F2CC82F560050FDE7 /* Assets.xcassets in Resources */ = {isa = PBXBuildFile; fileRef = 1831F60E2CC82F560050FDE7 /* Assets.xcassets */; };
		1831F6122CC82F560050FDE7 /* Preview Assets.xcassets in Resources */ = {isa = PBXBuildFile; fileRef = 1831F6112CC82F560050FDE7 /* Preview Assets.xcassets */; };
		1831F61C2CC954760050FDE7 /* AchievementView.swift in Sources */ = {isa = PBXBuildFile; fileRef = 1831F61B2CC954760050FDE7 /* AchievementView.swift */; };
		1831F6232CC95ED10050FDE7 /* Achievement.swift in Sources */ = {isa = PBXBuildFile; fileRef = 1831F6222CC95ED10050FDE7 /* Achievement.swift */; };
		186F8C3E2CCABE0900F6D5C4 /* ConfettiSwiftUI in Frameworks */ = {isa = PBXBuildFile; productRef = 186F8C3D2CCABE0900F6D5C4 /* ConfettiSwiftUI */; };
		18E92DE82CC9E4CD00021305 /* ConfettiSwiftUI in Frameworks */ = {isa = PBXBuildFile; productRef = 18E92DE72CC9E4CD00021305 /* ConfettiSwiftUI */; };
		6F87857D2CC84F70004F484C /* MyAccountView.swift in Sources */ = {isa = PBXBuildFile; fileRef = 6F87857C2CC84F70004F484C /* MyAccountView.swift */; };
		6F8785802CC84F8D004F484C /* MyAccountViewModel.swift in Sources */ = {isa = PBXBuildFile; fileRef = 6F87857F2CC84F8D004F484C /* MyAccountViewModel.swift */; };
		6F8785822CC851D1004F484C /* User.swift in Sources */ = {isa = PBXBuildFile; fileRef = 6F8785812CC851D1004F484C /* User.swift */; };
		6F8785842CC885D7004F484C /* MockData.swift in Sources */ = {isa = PBXBuildFile; fileRef = 6F8785832CC885D7004F484C /* MockData.swift */; };
		6F8785882CC9B7E1004F484C /* SeatMaps.swift in Sources */ = {isa = PBXBuildFile; fileRef = 6F8785872CC9B7E0004F484C /* SeatMaps.swift */; };
		CB2A59E32CC9CE2D001F0F61 /* API.swift in Sources */ = {isa = PBXBuildFile; fileRef = CB2A59E22CC9CE2D001F0F61 /* API.swift */; };
		CB2A59E52CC9D0F4001F0F61 /* SeatPossibilities.swift in Sources */ = {isa = PBXBuildFile; fileRef = CB2A59E42CC9D0F4001F0F61 /* SeatPossibilities.swift */; };
		CBEE42402CC83C62001F1F16 /* Seat.swift in Sources */ = {isa = PBXBuildFile; fileRef = CBEE423F2CC83C62001F1F16 /* Seat.swift */; };
		CBEE42432CC83C88001F1F16 /* SeatViewModel.swift in Sources */ = {isa = PBXBuildFile; fileRef = CBEE42422CC83C88001F1F16 /* SeatViewModel.swift */; };
		CBEE42452CC83D0D001F1F16 /* SeatMapView.swift in Sources */ = {isa = PBXBuildFile; fileRef = CBEE42442CC83D0D001F1F16 /* SeatMapView.swift */; };
		CBEE42482CC858DA001F1F16 /* View+Extensions.swift in Sources */ = {isa = PBXBuildFile; fileRef = CBEE42472CC858DA001F1F16 /* View+Extensions.swift */; };
/* End PBXBuildFile section */

/* Begin PBXFileReference section */
		1800BEEA2CC9D29C0039001F /* UserSeatHistory.swift */ = {isa = PBXFileReference; lastKnownFileType = sourcecode.swift; path = UserSeatHistory.swift; sourceTree = "<group>"; };
		1831F6072CC82F550050FDE7 /* Seat Map Bingo.app */ = {isa = PBXFileReference; explicitFileType = wrapper.application; includeInIndex = 0; path = "Seat Map Bingo.app"; sourceTree = BUILT_PRODUCTS_DIR; };
		1831F60A2CC82F550050FDE7 /* SeatMapBingoApp.swift */ = {isa = PBXFileReference; lastKnownFileType = sourcecode.swift; path = SeatMapBingoApp.swift; sourceTree = "<group>"; };
		1831F60C2CC82F550050FDE7 /* SeatView.swift */ = {isa = PBXFileReference; lastKnownFileType = sourcecode.swift; path = SeatView.swift; sourceTree = "<group>"; };
		1831F60E2CC82F560050FDE7 /* Assets.xcassets */ = {isa = PBXFileReference; lastKnownFileType = folder.assetcatalog; path = Assets.xcassets; sourceTree = "<group>"; };
		1831F6112CC82F560050FDE7 /* Preview Assets.xcassets */ = {isa = PBXFileReference; lastKnownFileType = folder.assetcatalog; path = "Preview Assets.xcassets"; sourceTree = "<group>"; };
		1831F61B2CC954760050FDE7 /* AchievementView.swift */ = {isa = PBXFileReference; lastKnownFileType = sourcecode.swift; path = AchievementView.swift; sourceTree = "<group>"; };
		1831F6222CC95ED10050FDE7 /* Achievement.swift */ = {isa = PBXFileReference; lastKnownFileType = sourcecode.swift; path = Achievement.swift; sourceTree = "<group>"; };
		6F87857C2CC84F70004F484C /* MyAccountView.swift */ = {isa = PBXFileReference; lastKnownFileType = sourcecode.swift; path = MyAccountView.swift; sourceTree = "<group>"; };
		6F87857F2CC84F8D004F484C /* MyAccountViewModel.swift */ = {isa = PBXFileReference; lastKnownFileType = sourcecode.swift; path = MyAccountViewModel.swift; sourceTree = "<group>"; };
		6F8785812CC851D1004F484C /* User.swift */ = {isa = PBXFileReference; lastKnownFileType = sourcecode.swift; path = User.swift; sourceTree = "<group>"; };
		6F8785832CC885D7004F484C /* MockData.swift */ = {isa = PBXFileReference; lastKnownFileType = sourcecode.swift; path = MockData.swift; sourceTree = "<group>"; };
		6F8785872CC9B7E0004F484C /* SeatMaps.swift */ = {isa = PBXFileReference; lastKnownFileType = sourcecode.swift; path = SeatMaps.swift; sourceTree = "<group>"; };
		CB29940A2CC997BD0062A92E /* Seat-Map-Bingo-Info.plist */ = {isa = PBXFileReference; lastKnownFileType = text.plist; path = "Seat-Map-Bingo-Info.plist"; sourceTree = SOURCE_ROOT; };
		CB2A59E22CC9CE2D001F0F61 /* API.swift */ = {isa = PBXFileReference; lastKnownFileType = sourcecode.swift; path = API.swift; sourceTree = "<group>"; };
		CB2A59E42CC9D0F4001F0F61 /* SeatPossibilities.swift */ = {isa = PBXFileReference; lastKnownFileType = sourcecode.swift; path = SeatPossibilities.swift; sourceTree = "<group>"; };
		CBEE423F2CC83C62001F1F16 /* Seat.swift */ = {isa = PBXFileReference; lastKnownFileType = sourcecode.swift; path = Seat.swift; sourceTree = "<group>"; };
		CBEE42422CC83C88001F1F16 /* SeatViewModel.swift */ = {isa = PBXFileReference; lastKnownFileType = sourcecode.swift; path = SeatViewModel.swift; sourceTree = "<group>"; };
		CBEE42442CC83D0D001F1F16 /* SeatMapView.swift */ = {isa = PBXFileReference; lastKnownFileType = sourcecode.swift; path = SeatMapView.swift; sourceTree = "<group>"; };
		CBEE42472CC858DA001F1F16 /* View+Extensions.swift */ = {isa = PBXFileReference; lastKnownFileType = sourcecode.swift; path = "View+Extensions.swift"; sourceTree = "<group>"; };
/* End PBXFileReference section */

/* Begin PBXFrameworksBuildPhase section */
		1831F6042CC82F550050FDE7 /* Frameworks */ = {
			isa = PBXFrameworksBuildPhase;
			buildActionMask = 2147483647;
			files = (
				186F8C3E2CCABE0900F6D5C4 /* ConfettiSwiftUI in Frameworks */,
				18E92DE82CC9E4CD00021305 /* ConfettiSwiftUI in Frameworks */,
			);
			runOnlyForDeploymentPostprocessing = 0;
		};
/* End PBXFrameworksBuildPhase section */

/* Begin PBXGroup section */
		1831F5FE2CC82F550050FDE7 = {
			isa = PBXGroup;
			children = (
				1831F6092CC82F550050FDE7 /* Seat Map Bingo */,
				1831F6082CC82F550050FDE7 /* Products */,
			);
			sourceTree = "<group>";
		};
		1831F6082CC82F550050FDE7 /* Products */ = {
			isa = PBXGroup;
			children = (
				1831F6072CC82F550050FDE7 /* Seat Map Bingo.app */,
			);
			name = Products;
			sourceTree = "<group>";
		};
		1831F6092CC82F550050FDE7 /* Seat Map Bingo */ = {
			isa = PBXGroup;
			children = (
				6F8785892CC9CA88004F484C /* APIModels */,
				CB29940A2CC997BD0062A92E /* Seat-Map-Bingo-Info.plist */,
				CB2A59E12CC9CD22001F0F61 /* API */,
				CBEE42462CC83D77001F1F16 /* Views */,
				CBEE42412CC83C78001F1F16 /* ViewModels */,
				CBEE423E2CC83C58001F1F16 /* Models */,
				1831F60E2CC82F560050FDE7 /* Assets.xcassets */,
				1831F6102CC82F560050FDE7 /* Preview Content */,
				CBEE42472CC858DA001F1F16 /* View+Extensions.swift */,
			);
			path = "Seat Map Bingo";
			sourceTree = "<group>";
		};
		1831F6102CC82F560050FDE7 /* Preview Content */ = {
			isa = PBXGroup;
			children = (
				1831F6112CC82F560050FDE7 /* Preview Assets.xcassets */,
			);
			path = "Preview Content";
			sourceTree = "<group>";
		};
		1831F6182CC954130050FDE7 /* Achievements */ = {
			isa = PBXGroup;
			children = (
				1831F61B2CC954760050FDE7 /* AchievementView.swift */,
			);
			path = Achievements;
			sourceTree = "<group>";
		};
		6F87857B2CC84F5B004F484C /* MyAccount */ = {
			isa = PBXGroup;
			children = (
				6F87857C2CC84F70004F484C /* MyAccountView.swift */,
			);
			path = MyAccount;
			sourceTree = "<group>";
		};
		6F87857E2CC84F76004F484C /* MyAccount */ = {
			isa = PBXGroup;
			children = (
				6F87857F2CC84F8D004F484C /* MyAccountViewModel.swift */,
			);
			path = MyAccount;
			sourceTree = "<group>";
		};
		6F8785892CC9CA88004F484C /* APIModels */ = {
			isa = PBXGroup;
			children = (
			);
			path = APIModels;
			sourceTree = "<group>";
		};
		CB2A59E12CC9CD22001F0F61 /* API */ = {
			isa = PBXGroup;
			children = (
				CB2A59E22CC9CE2D001F0F61 /* API.swift */,
			);
			path = API;
			sourceTree = "<group>";
		};
		CBEE423E2CC83C58001F1F16 /* Models */ = {
			isa = PBXGroup;
			children = (
				CBEE423F2CC83C62001F1F16 /* Seat.swift */,
				6F8785812CC851D1004F484C /* User.swift */,
				1831F6222CC95ED10050FDE7 /* Achievement.swift */,
				6F8785832CC885D7004F484C /* MockData.swift */,
				6F8785872CC9B7E0004F484C /* SeatMaps.swift */,
				1800BEEA2CC9D29C0039001F /* UserSeatHistory.swift */,
				CB2A59E42CC9D0F4001F0F61 /* SeatPossibilities.swift */,
			);
			path = Models;
			sourceTree = "<group>";
		};
		CBEE42412CC83C78001F1F16 /* ViewModels */ = {
			isa = PBXGroup;
			children = (
				6F87857E2CC84F76004F484C /* MyAccount */,
				CBEE42422CC83C88001F1F16 /* SeatViewModel.swift */,
			);
			path = ViewModels;
			sourceTree = "<group>";
		};
		CBEE42462CC83D77001F1F16 /* Views */ = {
			isa = PBXGroup;
			children = (
				1831F6182CC954130050FDE7 /* Achievements */,
				6F87857B2CC84F5B004F484C /* MyAccount */,
				1831F60A2CC82F550050FDE7 /* SeatMapBingoApp.swift */,
				1831F60C2CC82F550050FDE7 /* SeatView.swift */,
				CBEE42442CC83D0D001F1F16 /* SeatMapView.swift */,
			);
			path = Views;
			sourceTree = "<group>";
		};
/* End PBXGroup section */

/* Begin PBXNativeTarget section */
		1831F6062CC82F550050FDE7 /* Seat Map Bingo */ = {
			isa = PBXNativeTarget;
			buildConfigurationList = 1831F6152CC82F560050FDE7 /* Build configuration list for PBXNativeTarget "Seat Map Bingo" */;
			buildPhases = (
				1831F6032CC82F550050FDE7 /* Sources */,
				1831F6042CC82F550050FDE7 /* Frameworks */,
				1831F6052CC82F550050FDE7 /* Resources */,
			);
			buildRules = (
			);
			dependencies = (
			);
			name = "Seat Map Bingo";
			packageProductDependencies = (
				18E92DE72CC9E4CD00021305 /* ConfettiSwiftUI */,
				186F8C3D2CCABE0900F6D5C4 /* ConfettiSwiftUI */,
			);
			productName = "Seat Map Bingo";
			productReference = 1831F6072CC82F550050FDE7 /* Seat Map Bingo.app */;
			productType = "com.apple.product-type.application";
		};
/* End PBXNativeTarget section */

/* Begin PBXProject section */
		1831F5FF2CC82F550050FDE7 /* Project object */ = {
			isa = PBXProject;
			attributes = {
				BuildIndependentTargetsInParallel = 1;
				LastSwiftUpdateCheck = 1540;
				LastUpgradeCheck = 1540;
				TargetAttributes = {
					1831F6062CC82F550050FDE7 = {
						CreatedOnToolsVersion = 15.4;
					};
				};
			};
			buildConfigurationList = 1831F6022CC82F550050FDE7 /* Build configuration list for PBXProject "Seat Map Bingo" */;
			compatibilityVersion = "Xcode 14.0";
			developmentRegion = en;
			hasScannedForEncodings = 0;
			knownRegions = (
				en,
				Base,
			);
			mainGroup = 1831F5FE2CC82F550050FDE7;
			packageReferences = (
				186F8C3C2CCABE0900F6D5C4 /* XCLocalSwiftPackageReference "../../../Downloads/ConfettiSwiftUI-master" */,
			);
			productRefGroup = 1831F6082CC82F550050FDE7 /* Products */;
			projectDirPath = "";
			projectRoot = "";
			targets = (
				1831F6062CC82F550050FDE7 /* Seat Map Bingo */,
			);
		};
/* End PBXProject section */

/* Begin PBXResourcesBuildPhase section */
		1831F6052CC82F550050FDE7 /* Resources */ = {
			isa = PBXResourcesBuildPhase;
			buildActionMask = 2147483647;
			files = (
				1831F6122CC82F560050FDE7 /* Preview Assets.xcassets in Resources */,
				1831F60F2CC82F560050FDE7 /* Assets.xcassets in Resources */,
			);
			runOnlyForDeploymentPostprocessing = 0;
		};
/* End PBXResourcesBuildPhase section */

/* Begin PBXSourcesBuildPhase section */
		1831F6032CC82F550050FDE7 /* Sources */ = {
			isa = PBXSourcesBuildPhase;
			buildActionMask = 2147483647;
			files = (
				1831F60D2CC82F550050FDE7 /* SeatView.swift in Sources */,
				CB2A59E52CC9D0F4001F0F61 /* SeatPossibilities.swift in Sources */,
				CBEE42482CC858DA001F1F16 /* View+Extensions.swift in Sources */,
				6F8785802CC84F8D004F484C /* MyAccountViewModel.swift in Sources */,
				1831F60B2CC82F550050FDE7 /* SeatMapBingoApp.swift in Sources */,
				CBEE42402CC83C62001F1F16 /* Seat.swift in Sources */,
				CB2A59E32CC9CE2D001F0F61 /* API.swift in Sources */,
				1831F61C2CC954760050FDE7 /* AchievementView.swift in Sources */,
				1800BEEB2CC9D29C0039001F /* UserSeatHistory.swift in Sources */,
				6F8785842CC885D7004F484C /* MockData.swift in Sources */,
				6F8785822CC851D1004F484C /* User.swift in Sources */,
				CBEE42452CC83D0D001F1F16 /* SeatMapView.swift in Sources */,
				6F87857D2CC84F70004F484C /* MyAccountView.swift in Sources */,
				6F8785882CC9B7E1004F484C /* SeatMaps.swift in Sources */,
				CBEE42432CC83C88001F1F16 /* SeatViewModel.swift in Sources */,
				1831F6232CC95ED10050FDE7 /* Achievement.swift in Sources */,
			);
			runOnlyForDeploymentPostprocessing = 0;
		};
/* End PBXSourcesBuildPhase section */

/* Begin XCBuildConfiguration section */
		1831F6132CC82F560050FDE7 /* Debug */ = {
			isa = XCBuildConfiguration;
			buildSettings = {
				ALWAYS_SEARCH_USER_PATHS = NO;
				ASSETCATALOG_COMPILER_GENERATE_SWIFT_ASSET_SYMBOL_EXTENSIONS = YES;
				CLANG_ANALYZER_NONNULL = YES;
				CLANG_ANALYZER_NUMBER_OBJECT_CONVERSION = YES_AGGRESSIVE;
				CLANG_CXX_LANGUAGE_STANDARD = "gnu++20";
				CLANG_ENABLE_MODULES = YES;
				CLANG_ENABLE_OBJC_ARC = YES;
				CLANG_ENABLE_OBJC_WEAK = YES;
				CLANG_WARN_BLOCK_CAPTURE_AUTORELEASING = YES;
				CLANG_WARN_BOOL_CONVERSION = YES;
				CLANG_WARN_COMMA = YES;
				CLANG_WARN_CONSTANT_CONVERSION = YES;
				CLANG_WARN_DEPRECATED_OBJC_IMPLEMENTATIONS = YES;
				CLANG_WARN_DIRECT_OBJC_ISA_USAGE = YES_ERROR;
				CLANG_WARN_DOCUMENTATION_COMMENTS = YES;
				CLANG_WARN_EMPTY_BODY = YES;
				CLANG_WARN_ENUM_CONVERSION = YES;
				CLANG_WARN_INFINITE_RECURSION = YES;
				CLANG_WARN_INT_CONVERSION = YES;
				CLANG_WARN_NON_LITERAL_NULL_CONVERSION = YES;
				CLANG_WARN_OBJC_IMPLICIT_RETAIN_SELF = YES;
				CLANG_WARN_OBJC_LITERAL_CONVERSION = YES;
				CLANG_WARN_OBJC_ROOT_CLASS = YES_ERROR;
				CLANG_WARN_QUOTED_INCLUDE_IN_FRAMEWORK_HEADER = YES;
				CLANG_WARN_RANGE_LOOP_ANALYSIS = YES;
				CLANG_WARN_STRICT_PROTOTYPES = YES;
				CLANG_WARN_SUSPICIOUS_MOVE = YES;
				CLANG_WARN_UNGUARDED_AVAILABILITY = YES_AGGRESSIVE;
				CLANG_WARN_UNREACHABLE_CODE = YES;
				CLANG_WARN__DUPLICATE_METHOD_MATCH = YES;
				COPY_PHASE_STRIP = NO;
				DEBUG_INFORMATION_FORMAT = dwarf;
				ENABLE_STRICT_OBJC_MSGSEND = YES;
				ENABLE_TESTABILITY = YES;
				ENABLE_USER_SCRIPT_SANDBOXING = YES;
				GCC_C_LANGUAGE_STANDARD = gnu17;
				GCC_DYNAMIC_NO_PIC = NO;
				GCC_NO_COMMON_BLOCKS = YES;
				GCC_OPTIMIZATION_LEVEL = 0;
				GCC_PREPROCESSOR_DEFINITIONS = (
					"DEBUG=1",
					"$(inherited)",
				);
				GCC_WARN_64_TO_32_BIT_CONVERSION = YES;
				GCC_WARN_ABOUT_RETURN_TYPE = YES_ERROR;
				GCC_WARN_UNDECLARED_SELECTOR = YES;
				GCC_WARN_UNINITIALIZED_AUTOS = YES_AGGRESSIVE;
				GCC_WARN_UNUSED_FUNCTION = YES;
				GCC_WARN_UNUSED_VARIABLE = YES;
				IPHONEOS_DEPLOYMENT_TARGET = 17.5;
				LOCALIZATION_PREFERS_STRING_CATALOGS = YES;
				MTL_ENABLE_DEBUG_INFO = INCLUDE_SOURCE;
				MTL_FAST_MATH = YES;
				ONLY_ACTIVE_ARCH = YES;
				SDKROOT = iphoneos;
				SWIFT_ACTIVE_COMPILATION_CONDITIONS = "DEBUG $(inherited)";
				SWIFT_OPTIMIZATION_LEVEL = "-Onone";
			};
			name = Debug;
		};
		1831F6142CC82F560050FDE7 /* Release */ = {
			isa = XCBuildConfiguration;
			buildSettings = {
				ALWAYS_SEARCH_USER_PATHS = NO;
				ASSETCATALOG_COMPILER_GENERATE_SWIFT_ASSET_SYMBOL_EXTENSIONS = YES;
				CLANG_ANALYZER_NONNULL = YES;
				CLANG_ANALYZER_NUMBER_OBJECT_CONVERSION = YES_AGGRESSIVE;
				CLANG_CXX_LANGUAGE_STANDARD = "gnu++20";
				CLANG_ENABLE_MODULES = YES;
				CLANG_ENABLE_OBJC_ARC = YES;
				CLANG_ENABLE_OBJC_WEAK = YES;
				CLANG_WARN_BLOCK_CAPTURE_AUTORELEASING = YES;
				CLANG_WARN_BOOL_CONVERSION = YES;
				CLANG_WARN_COMMA = YES;
				CLANG_WARN_CONSTANT_CONVERSION = YES;
				CLANG_WARN_DEPRECATED_OBJC_IMPLEMENTATIONS = YES;
				CLANG_WARN_DIRECT_OBJC_ISA_USAGE = YES_ERROR;
				CLANG_WARN_DOCUMENTATION_COMMENTS = YES;
				CLANG_WARN_EMPTY_BODY = YES;
				CLANG_WARN_ENUM_CONVERSION = YES;
				CLANG_WARN_INFINITE_RECURSION = YES;
				CLANG_WARN_INT_CONVERSION = YES;
				CLANG_WARN_NON_LITERAL_NULL_CONVERSION = YES;
				CLANG_WARN_OBJC_IMPLICIT_RETAIN_SELF = YES;
				CLANG_WARN_OBJC_LITERAL_CONVERSION = YES;
				CLANG_WARN_OBJC_ROOT_CLASS = YES_ERROR;
				CLANG_WARN_QUOTED_INCLUDE_IN_FRAMEWORK_HEADER = YES;
				CLANG_WARN_RANGE_LOOP_ANALYSIS = YES;
				CLANG_WARN_STRICT_PROTOTYPES = YES;
				CLANG_WARN_SUSPICIOUS_MOVE = YES;
				CLANG_WARN_UNGUARDED_AVAILABILITY = YES_AGGRESSIVE;
				CLANG_WARN_UNREACHABLE_CODE = YES;
				CLANG_WARN__DUPLICATE_METHOD_MATCH = YES;
				COPY_PHASE_STRIP = NO;
				DEBUG_INFORMATION_FORMAT = "dwarf-with-dsym";
				ENABLE_NS_ASSERTIONS = NO;
				ENABLE_STRICT_OBJC_MSGSEND = YES;
				ENABLE_USER_SCRIPT_SANDBOXING = YES;
				GCC_C_LANGUAGE_STANDARD = gnu17;
				GCC_NO_COMMON_BLOCKS = YES;
				GCC_WARN_64_TO_32_BIT_CONVERSION = YES;
				GCC_WARN_ABOUT_RETURN_TYPE = YES_ERROR;
				GCC_WARN_UNDECLARED_SELECTOR = YES;
				GCC_WARN_UNINITIALIZED_AUTOS = YES_AGGRESSIVE;
				GCC_WARN_UNUSED_FUNCTION = YES;
				GCC_WARN_UNUSED_VARIABLE = YES;
				IPHONEOS_DEPLOYMENT_TARGET = 17.5;
				LOCALIZATION_PREFERS_STRING_CATALOGS = YES;
				MTL_ENABLE_DEBUG_INFO = NO;
				MTL_FAST_MATH = YES;
				SDKROOT = iphoneos;
				SWIFT_COMPILATION_MODE = wholemodule;
				VALIDATE_PRODUCT = YES;
			};
			name = Release;
		};
		1831F6162CC82F560050FDE7 /* Debug */ = {
			isa = XCBuildConfiguration;
			buildSettings = {
				ASSETCATALOG_COMPILER_APPICON_NAME = AppIcon;
				ASSETCATALOG_COMPILER_GLOBAL_ACCENT_COLOR_NAME = AccentColor;
				CODE_SIGN_IDENTITY = "Apple Development: Evan Westermann (2H269G4Y4R)";
				CODE_SIGN_STYLE = Manual;
				CURRENT_PROJECT_VERSION = 1;
				DEVELOPMENT_ASSET_PATHS = "\"Seat Map Bingo/Preview Content\"";
				DEVELOPMENT_TEAM = "";
				"DEVELOPMENT_TEAM[sdk=iphoneos*]" = QFBNLQV3XJ;
				ENABLE_PREVIEWS = YES;
				GENERATE_INFOPLIST_FILE = YES;
				INFOPLIST_FILE = "Seat-Map-Bingo-Info.plist";
				INFOPLIST_KEY_UIApplicationSceneManifest_Generation = YES;
				INFOPLIST_KEY_UIApplicationSupportsIndirectInputEvents = YES;
				INFOPLIST_KEY_UILaunchScreen_Generation = YES;
				INFOPLIST_KEY_UISupportedInterfaceOrientations_iPad = "UIInterfaceOrientationPortrait UIInterfaceOrientationPortraitUpsideDown UIInterfaceOrientationLandscapeLeft UIInterfaceOrientationLandscapeRight";
				INFOPLIST_KEY_UISupportedInterfaceOrientations_iPhone = "UIInterfaceOrientationPortrait UIInterfaceOrientationLandscapeLeft UIInterfaceOrientationLandscapeRight";
				IPHONEOS_DEPLOYMENT_TARGET = 16.0;
				LD_RUNPATH_SEARCH_PATHS = (
					"$(inherited)",
					"@executable_path/Frameworks",
				);
				MARKETING_VERSION = 1.0;
				PRODUCT_BUNDLE_IDENTIFIER = com.hackathon.SwizzlerSeatMapBingo;
				PRODUCT_NAME = "$(TARGET_NAME)";
				PROVISIONING_PROFILE_SPECIFIER = "";
				"PROVISIONING_PROFILE_SPECIFIER[sdk=iphoneos*]" = "Seatmap Bingo";
				SWIFT_EMIT_LOC_STRINGS = YES;
				SWIFT_VERSION = 5.0;
				TARGETED_DEVICE_FAMILY = "1,2";
			};
			name = Debug;
		};
		1831F6172CC82F560050FDE7 /* Release */ = {
			isa = XCBuildConfiguration;
			buildSettings = {
				ASSETCATALOG_COMPILER_APPICON_NAME = AppIcon;
				ASSETCATALOG_COMPILER_GLOBAL_ACCENT_COLOR_NAME = AccentColor;
				CODE_SIGN_IDENTITY = "Apple Development: Evan Westermann (2H269G4Y4R)";
				CODE_SIGN_STYLE = Manual;
				CURRENT_PROJECT_VERSION = 1;
				DEVELOPMENT_ASSET_PATHS = "\"Seat Map Bingo/Preview Content\"";
				DEVELOPMENT_TEAM = "";
				"DEVELOPMENT_TEAM[sdk=iphoneos*]" = QFBNLQV3XJ;
				ENABLE_PREVIEWS = YES;
				GENERATE_INFOPLIST_FILE = YES;
				INFOPLIST_FILE = "Seat-Map-Bingo-Info.plist";
				INFOPLIST_KEY_UIApplicationSceneManifest_Generation = YES;
				INFOPLIST_KEY_UIApplicationSupportsIndirectInputEvents = YES;
				INFOPLIST_KEY_UILaunchScreen_Generation = YES;
				INFOPLIST_KEY_UISupportedInterfaceOrientations_iPad = "UIInterfaceOrientationPortrait UIInterfaceOrientationPortraitUpsideDown UIInterfaceOrientationLandscapeLeft UIInterfaceOrientationLandscapeRight";
				INFOPLIST_KEY_UISupportedInterfaceOrientations_iPhone = "UIInterfaceOrientationPortrait UIInterfaceOrientationLandscapeLeft UIInterfaceOrientationLandscapeRight";
				IPHONEOS_DEPLOYMENT_TARGET = 16.0;
				LD_RUNPATH_SEARCH_PATHS = (
					"$(inherited)",
					"@executable_path/Frameworks",
				);
				MARKETING_VERSION = 1.0;
				PRODUCT_BUNDLE_IDENTIFIER = com.hackathon.SwizzlerSeatMapBingo;
				PRODUCT_NAME = "$(TARGET_NAME)";
				PROVISIONING_PROFILE_SPECIFIER = "";
				"PROVISIONING_PROFILE_SPECIFIER[sdk=iphoneos*]" = "Seatmap Bingo";
				SWIFT_EMIT_LOC_STRINGS = YES;
				SWIFT_VERSION = 5.0;
				TARGETED_DEVICE_FAMILY = "1,2";
			};
			name = Release;
		};
/* End XCBuildConfiguration section */

/* Begin XCConfigurationList section */
		1831F6022CC82F550050FDE7 /* Build configuration list for PBXProject "Seat Map Bingo" */ = {
			isa = XCConfigurationList;
			buildConfigurations = (
				1831F6132CC82F560050FDE7 /* Debug */,
				1831F6142CC82F560050FDE7 /* Release */,
			);
			defaultConfigurationIsVisible = 0;
			defaultConfigurationName = Release;
		};
		1831F6152CC82F560050FDE7 /* Build configuration list for PBXNativeTarget "Seat Map Bingo" */ = {
			isa = XCConfigurationList;
			buildConfigurations = (
				1831F6162CC82F560050FDE7 /* Debug */,
				1831F6172CC82F560050FDE7 /* Release */,
			);
			defaultConfigurationIsVisible = 0;
			defaultConfigurationName = Release;
		};
/* End XCConfigurationList section */

/* Begin XCLocalSwiftPackageReference section */
		186F8C3C2CCABE0900F6D5C4 /* XCLocalSwiftPackageReference "../../../Downloads/ConfettiSwiftUI-master" */ = {
			isa = XCLocalSwiftPackageReference;
			relativePath = "../../../Downloads/ConfettiSwiftUI-master";
		};
/* End XCLocalSwiftPackageReference section */

/* Begin XCSwiftPackageProductDependency section */
		186F8C3D2CCABE0900F6D5C4 /* ConfettiSwiftUI */ = {
			isa = XCSwiftPackageProductDependency;
			productName = ConfettiSwiftUI;
		};
		18E92DE72CC9E4CD00021305 /* ConfettiSwiftUI */ = {
			isa = XCSwiftPackageProductDependency;
			productName = ConfettiSwiftUI;
		};
/* End XCSwiftPackageProductDependency section */
	};
	rootObject = 1831F5FF2CC82F550050FDE7 /* Project object */;
}
